
Microsoft Visual Studio Solution File, Format Version 12.00
# Visual Studio Version 16
VisualStudioVersion = 16.0.30816.121
MinimumVisualStudioVersion = 10.0.40219.1
Project("{FAE04EC0-301F-11D3-BF4B-00C04F79EFBC}") = "AppConsoleBanque", "AppConsoleBanque\AppConsoleBanque.csproj", "{74EE32C7-D403-474F-846C-5E0BC4B94979}"
EndProject
Global
	GlobalSection(SolutionConfigurationPlatforms) = preSolution
		Debug|Any CPU = Debug|Any CPU
		Release|Any CPU = Release|Any CPU
	EndGlobalSection
	GlobalSection(ProjectConfigurationPlatforms) = postSolution
		{74EE32C7-D403-474F-846C-5E0BC4B94979}.Debug|Any CPU.ActiveCfg = Debug|Any CPU
		{74EE32C7-D403-474F-846C-5E0BC4B94979}.Debug|Any CPU.Build.0 = Debug|Any CPU
		{74EE32C7-D403-474F-846C-5E0BC4B94979}.Release|Any CPU.ActiveCfg = Release|Any CPU
		{74EE32C7-D403-474F-846C-5E0BC4B94979}.Release|Any CPU.Build.0 = Release|Any CPU
	EndGlobalSection
	GlobalSection(SolutionProperties) = preSolution
		HideSolutionNode = FALSE
	EndGlobalSection
	GlobalSection(ExtensibilityGlobals) = postSolution
		SolutionGuid = {19871CF2-88FD-48F3-9B14-A036A5F9E5D4}
	EndGlobalSection
EndGlobal
