
Microsoft Visual Studio Solution File, Format Version 12.00
# Visual Studio Version 16
VisualStudioVersion = 16.0.30816.121
MinimumVisualStudioVersion = 10.0.40219.1
Project("{FAE04EC0-301F-11D3-BF4B-00C04F79EFBC}") = "AppAnimalerie", "AppAnimalerie\AppAnimalerie.csproj", "{D2D0CC2B-76DB-40A6-A2DF-7E5BA931F314}"
EndProject
Project("{FAE04EC0-301F-11D3-BF4B-00C04F79EFBC}") = "AppChenil", "AppChenil\AppChenil.csproj", "{4134BA96-3489-43E9-A9B3-2231439988A5}"
EndProject
Global
	GlobalSection(SolutionConfigurationPlatforms) = preSolution
		Debug|Any CPU = Debug|Any CPU
		Release|Any CPU = Release|Any CPU
	EndGlobalSection
	GlobalSection(ProjectConfigurationPlatforms) = postSolution
		{D2D0CC2B-76DB-40A6-A2DF-7E5BA931F314}.Debug|Any CPU.ActiveCfg = Debug|Any CPU
		{D2D0CC2B-76DB-40A6-A2DF-7E5BA931F314}.Debug|Any CPU.Build.0 = Debug|Any CPU
		{D2D0CC2B-76DB-40A6-A2DF-7E5BA931F314}.Release|Any CPU.ActiveCfg = Release|Any CPU
		{D2D0CC2B-76DB-40A6-A2DF-7E5BA931F314}.Release|Any CPU.Build.0 = Release|Any CPU
		{4134BA96-3489-43E9-A9B3-2231439988A5}.Debug|Any CPU.ActiveCfg = Debug|Any CPU
		{4134BA96-3489-43E9-A9B3-2231439988A5}.Debug|Any CPU.Build.0 = Debug|Any CPU
		{4134BA96-3489-43E9-A9B3-2231439988A5}.Release|Any CPU.ActiveCfg = Release|Any CPU
		{4134BA96-3489-43E9-A9B3-2231439988A5}.Release|Any CPU.Build.0 = Release|Any CPU
	EndGlobalSection
	GlobalSection(SolutionProperties) = preSolution
		HideSolutionNode = FALSE
	EndGlobalSection
	GlobalSection(ExtensibilityGlobals) = postSolution
		SolutionGuid = {7FDC1E8A-E393-42A9-82D5-A1570033AB11}
	EndGlobalSection
EndGlobal
